
Microsoft Visual Studio Solution File, Format Version 12.00
# Visual Studio Version 16
VisualStudioVersion = 16.0.29326.143
MinimumVisualStudioVersion = 10.0.40219.1
Project("{9A19103F-16F7-4668-BE54-9A1E7A4F7556}") = "RestauranteAPI", "RestauranteAPI\RestauranteAPI.csproj", "{F7CA6448-0107-4FD5-A822-82223C420AF2}"
EndProject
Project("{FAE04EC0-301F-11D3-BF4B-00C04F79EFBC}") = "RestaurateAPITests", "RestaurateAPITests\RestaurateAPITests.csproj", "{032352F6-8F35-42A5-AABC-88B1A471D4F9}"
EndProject
Global
	GlobalSection(SolutionConfigurationPlatforms) = preSolution
		Debug|Any CPU = Debug|Any CPU
		Release|Any CPU = Release|Any CPU
	EndGlobalSection
	GlobalSection(ProjectConfigurationPlatforms) = postSolution
		{F7CA6448-0107-4FD5-A822-82223C420AF2}.Debug|Any CPU.ActiveCfg = Debug|Any CPU
		{F7CA6448-0107-4FD5-A822-82223C420AF2}.Debug|Any CPU.Build.0 = Debug|Any CPU
		{F7CA6448-0107-4FD5-A822-82223C420AF2}.Release|Any CPU.ActiveCfg = Release|Any CPU
		{F7CA6448-0107-4FD5-A822-82223C420AF2}.Release|Any CPU.Build.0 = Release|Any CPU
		{032352F6-8F35-42A5-AABC-88B1A471D4F9}.Debug|Any CPU.ActiveCfg = Debug|Any CPU
		{032352F6-8F35-42A5-AABC-88B1A471D4F9}.Debug|Any CPU.Build.0 = Debug|Any CPU
		{032352F6-8F35-42A5-AABC-88B1A471D4F9}.Release|Any CPU.ActiveCfg = Release|Any CPU
		{032352F6-8F35-42A5-AABC-88B1A471D4F9}.Release|Any CPU.Build.0 = Release|Any CPU
	EndGlobalSection
	GlobalSection(SolutionProperties) = preSolution
		HideSolutionNode = FALSE
	EndGlobalSection
	GlobalSection(ExtensibilityGlobals) = postSolution
		SolutionGuid = {AEBB5D3F-7395-498C-B1FB-A3E01DB34051}
	EndGlobalSection
EndGlobal
